
Microsoft Visual Studio Solution File, Format Version 12.00
# Visual Studio 2013
VisualStudioVersion = 12.0.30501.0
MinimumVisualStudioVersion = 10.0.40219.1
Project("{2150E333-8FDC-42A3-9474-1A3956D46DE8}") = "Readme", "Readme", "{8ABE5DB2-C743-478F-ACA9-1DC419E89A9D}"
	ProjectSection(SolutionItems) = preProject
		..\README.md = ..\README.md
	EndProjectSection
EndProject
Project("{FAE04EC0-301F-11D3-BF4B-00C04F79EFBC}") = "Sandbox.TPL", "Sandbox.TPL\Sandbox.TPL.csproj", "{C480515C-1F36-47C7-BC45-7C78DBA49A1E}"
EndProject
Project("{FAE04EC0-301F-11D3-BF4B-00C04F79EFBC}") = "Sandbox.LINQ", "Sandbox.LINQ\Sandbox.LINQ.csproj", "{4C2D73B9-5253-4D8A-8B9B-AC6693DEE75C}"
EndProject
Project("{FAE04EC0-301F-11D3-BF4B-00C04F79EFBC}") = "Sanbox.Console", "Sanbox.Console\Sanbox.Console.csproj", "{48AA3FF6-1B2B-4EE3-93C8-0FF690F2ABD7}"
EndProject
Project("{FAE04EC0-301F-11D3-BF4B-00C04F79EFBC}") = "Sandbox.Async", "Sandbox.Async\Sandbox.Async.csproj", "{02FF2EE8-39E7-4286-B9D3-12B91A0C67E2}"
EndProject
Project("{FAE04EC0-301F-11D3-BF4B-00C04F79EFBC}") = "Sandbox.Dataflow", "Sandbox.Dataflow\Sandbox.Dataflow.csproj", "{FF0949B7-67BC-4961-A389-4693F9F7FB0A}"
EndProject
Global
	GlobalSection(SolutionConfigurationPlatforms) = preSolution
		Debug|Any CPU = Debug|Any CPU
		Release|Any CPU = Release|Any CPU
	EndGlobalSection
	GlobalSection(ProjectConfigurationPlatforms) = postSolution
		{C480515C-1F36-47C7-BC45-7C78DBA49A1E}.Debug|Any CPU.ActiveCfg = Debug|Any CPU
		{C480515C-1F36-47C7-BC45-7C78DBA49A1E}.Debug|Any CPU.Build.0 = Debug|Any CPU
		{C480515C-1F36-47C7-BC45-7C78DBA49A1E}.Release|Any CPU.ActiveCfg = Release|Any CPU
		{C480515C-1F36-47C7-BC45-7C78DBA49A1E}.Release|Any CPU.Build.0 = Release|Any CPU
		{4C2D73B9-5253-4D8A-8B9B-AC6693DEE75C}.Debug|Any CPU.ActiveCfg = Debug|Any CPU
		{4C2D73B9-5253-4D8A-8B9B-AC6693DEE75C}.Debug|Any CPU.Build.0 = Debug|Any CPU
		{4C2D73B9-5253-4D8A-8B9B-AC6693DEE75C}.Release|Any CPU.ActiveCfg = Release|Any CPU
		{4C2D73B9-5253-4D8A-8B9B-AC6693DEE75C}.Release|Any CPU.Build.0 = Release|Any CPU
		{48AA3FF6-1B2B-4EE3-93C8-0FF690F2ABD7}.Debug|Any CPU.ActiveCfg = Debug|Any CPU
		{48AA3FF6-1B2B-4EE3-93C8-0FF690F2ABD7}.Debug|Any CPU.Build.0 = Debug|Any CPU
		{48AA3FF6-1B2B-4EE3-93C8-0FF690F2ABD7}.Release|Any CPU.ActiveCfg = Release|Any CPU
		{48AA3FF6-1B2B-4EE3-93C8-0FF690F2ABD7}.Release|Any CPU.Build.0 = Release|Any CPU
		{02FF2EE8-39E7-4286-B9D3-12B91A0C67E2}.Debug|Any CPU.ActiveCfg = Debug|Any CPU
		{02FF2EE8-39E7-4286-B9D3-12B91A0C67E2}.Debug|Any CPU.Build.0 = Debug|Any CPU
		{02FF2EE8-39E7-4286-B9D3-12B91A0C67E2}.Release|Any CPU.ActiveCfg = Release|Any CPU
		{02FF2EE8-39E7-4286-B9D3-12B91A0C67E2}.Release|Any CPU.Build.0 = Release|Any CPU
		{FF0949B7-67BC-4961-A389-4693F9F7FB0A}.Debug|Any CPU.ActiveCfg = Debug|Any CPU
		{FF0949B7-67BC-4961-A389-4693F9F7FB0A}.Debug|Any CPU.Build.0 = Debug|Any CPU
		{FF0949B7-67BC-4961-A389-4693F9F7FB0A}.Release|Any CPU.ActiveCfg = Release|Any CPU
		{FF0949B7-67BC-4961-A389-4693F9F7FB0A}.Release|Any CPU.Build.0 = Release|Any CPU
	EndGlobalSection
	GlobalSection(SolutionProperties) = preSolution
		HideSolutionNode = FALSE
	EndGlobalSection
EndGlobal
